
Microsoft Visual Studio Solution File, Format Version 12.00
# Visual Studio 2012
Project("{FAE04EC0-301F-11D3-BF4B-00C04F79EFBC}") = "CamertonCleaner", "CamertonCleaner\CamertonCleaner.csproj", "{BC6C5DEE-2FD3-44FD-9E1C-ACA9FB0F2FAE}"
EndProject
Global
	GlobalSection(SolutionConfigurationPlatforms) = preSolution
		Debug|Any CPU = Debug|Any CPU
		Release|Any CPU = Release|Any CPU
	EndGlobalSection
	GlobalSection(ProjectConfigurationPlatforms) = postSolution
		{BC6C5DEE-2FD3-44FD-9E1C-ACA9FB0F2FAE}.Debug|Any CPU.ActiveCfg = Debug|Any CPU
		{BC6C5DEE-2FD3-44FD-9E1C-ACA9FB0F2FAE}.Debug|Any CPU.Build.0 = Debug|Any CPU
		{BC6C5DEE-2FD3-44FD-9E1C-ACA9FB0F2FAE}.Release|Any CPU.ActiveCfg = Release|Any CPU
		{BC6C5DEE-2FD3-44FD-9E1C-ACA9FB0F2FAE}.Release|Any CPU.Build.0 = Release|Any CPU
	EndGlobalSection
	GlobalSection(SolutionProperties) = preSolution
		HideSolutionNode = FALSE
	EndGlobalSection
EndGlobal
